// !$*UTF8*$!
{
	archiveVersion = 1;
	classes = {
	};
	objectVersion = 46;
	objects = {

/* Begin PBXBuildFile section */
		76BAD1431900DE0100722F5B /* Foundation.framework in Frameworks */ = {isa = PBXBuildFile; fileRef = 76BAD1421900DE0100722F5B /* Foundation.framework */; };
		76BAD1451900DE0100722F5B /* CoreGraphics.framework in Frameworks */ = {isa = PBXBuildFile; fileRef = 76BAD1441900DE0100722F5B /* CoreGraphics.framework */; };
		76BAD1471900DE0100722F5B /* UIKit.framework in Frameworks */ = {isa = PBXBuildFile; fileRef = 76BAD1461900DE0100722F5B /* UIKit.framework */; };
		76BAD14D1900DE0100722F5B /* InfoPlist.strings in Resources */ = {isa = PBXBuildFile; fileRef = 76BAD14B1900DE0100722F5B /* InfoPlist.strings */; };
		76BAD14F1900DE0100722F5B /* main.m in Sources */ = {isa = PBXBuildFile; fileRef = 76BAD14E1900DE0100722F5B /* main.m */; };
		76BAD1531900DE0100722F5B /* BNRAppDelegate.m in Sources */ = {isa = PBXBuildFile; fileRef = 76BAD1521900DE0100722F5B /* BNRAppDelegate.m */; };
		76BAD1551900DE0100722F5B /* Images.xcassets in Resources */ = {isa = PBXBuildFile; fileRef = 76BAD1541900DE0100722F5B /* Images.xcassets */; };
		76BAD15C1900DE0100722F5B /* XCTest.framework in Frameworks */ = {isa = PBXBuildFile; fileRef = 76BAD15B1900DE0100722F5B /* XCTest.framework */; };
		76BAD15D1900DE0100722F5B /* Foundation.framework in Frameworks */ = {isa = PBXBuildFile; fileRef = 76BAD1421900DE0100722F5B /* Foundation.framework */; };
		76BAD15E1900DE0100722F5B /* UIKit.framework in Frameworks */ = {isa = PBXBuildFile; fileRef = 76BAD1461900DE0100722F5B /* UIKit.framework */; };
		76BAD1661900DE0100722F5B /* InfoPlist.strings in Resources */ = {isa = PBXBuildFile; fileRef = 76BAD1641900DE0100722F5B /* InfoPlist.strings */; };
		76BAD1681900DE0100722F5B /* HomepwnerTests.m in Sources */ = {isa = PBXBuildFile; fileRef = 76BAD1671900DE0100722F5B /* HomepwnerTests.m */; };
		76BAD17319022D6200722F5B /* BNRItemsViewController.m in Sources */ = {isa = PBXBuildFile; fileRef = 76BAD17219022D6200722F5B /* BNRItemsViewController.m */; };
		76BAD17619022FDA00722F5B /* BNRItem.m in Sources */ = {isa = PBXBuildFile; fileRef = 76BAD17519022FDA00722F5B /* BNRItem.m */; };
		76BAD1791902321800722F5B /* BNRItemStore.m in Sources */ = {isa = PBXBuildFile; fileRef = 76BAD1781902321800722F5B /* BNRItemStore.m */; };
		76BAD1811903A43100722F5B /* BNRDetailViewController.m in Sources */ = {isa = PBXBuildFile; fileRef = 76BAD17F1903A43100722F5B /* BNRDetailViewController.m */; };
		76BAD1821903A43100722F5B /* BNRDetailViewController.xib in Resources */ = {isa = PBXBuildFile; fileRef = 76BAD1801903A43100722F5B /* BNRDetailViewController.xib */; };
		76CB660B19061E6500224D1F /* BNRDateViewController.m in Sources */ = {isa = PBXBuildFile; fileRef = 76CB660919061E6500224D1F /* BNRDateViewController.m */; };
		76CB660C19061E6500224D1F /* BNRDateViewController.xib in Resources */ = {isa = PBXBuildFile; fileRef = 76CB660A19061E6500224D1F /* BNRDateViewController.xib */; };
/* End PBXBuildFile section */

/* Begin PBXContainerItemProxy section */
		76BAD15F1900DE0100722F5B /* PBXContainerItemProxy */ = {
			isa = PBXContainerItemProxy;
			containerPortal = 76BAD1371900DE0100722F5B /* Project object */;
			proxyType = 1;
			remoteGlobalIDString = 76BAD13E1900DE0100722F5B;
			remoteInfo = Homepwner;
		};
/* End PBXContainerItemProxy section */

/* Begin PBXFileReference section */
		76BAD13F1900DE0100722F5B /* Homepwner.app */ = {isa = PBXFileReference; explicitFileType = wrapper.application; includeInIndex = 0; path = Homepwner.app; sourceTree = BUILT_PRODUCTS_DIR; };
		76BAD1421900DE0100722F5B /* Foundation.framework */ = {isa = PBXFileReference; lastKnownFileType = wrapper.framework; name = Foundation.framework; path = System/Library/Frameworks/Foundation.framework; sourceTree = SDKROOT; };
		76BAD1441900DE0100722F5B /* CoreGraphics.framework */ = {isa = PBXFileReference; lastKnownFileType = wrapper.framework; name = CoreGraphics.framework; path = System/Library/Frameworks/CoreGraphics.framework; sourceTree = SDKROOT; };
		76BAD1461900DE0100722F5B /* UIKit.framework */ = {isa = PBXFileReference; lastKnownFileType = wrapper.framework; name = UIKit.framework; path = System/Library/Frameworks/UIKit.framework; sourceTree = SDKROOT; };
		76BAD14A1900DE0100722F5B /* Homepwner-Info.plist */ = {isa = PBXFileReference; lastKnownFileType = text.plist.xml; path = "Homepwner-Info.plist"; sourceTree = "<group>"; };
		76BAD14C1900DE0100722F5B /* en */ = {isa = PBXFileReference; lastKnownFileType = text.plist.strings; name = en; path = en.lproj/InfoPlist.strings; sourceTree = "<group>"; };
		76BAD14E1900DE0100722F5B /* main.m */ = {isa = PBXFileReference; lastKnownFileType = sourcecode.c.objc; path = main.m; sourceTree = "<group>"; };
		76BAD1501900DE0100722F5B /* Homepwner-Prefix.pch */ = {isa = PBXFileReference; lastKnownFileType = sourcecode.c.h; path = "Homepwner-Prefix.pch"; sourceTree = "<group>"; };
		76BAD1511900DE0100722F5B /* BNRAppDelegate.h */ = {isa = PBXFileReference; lastKnownFileType = sourcecode.c.h; path = BNRAppDelegate.h; sourceTree = "<group>"; };
		76BAD1521900DE0100722F5B /* BNRAppDelegate.m */ = {isa = PBXFileReference; lastKnownFileType = sourcecode.c.objc; path = BNRAppDelegate.m; sourceTree = "<group>"; };
		76BAD1541900DE0100722F5B /* Images.xcassets */ = {isa = PBXFileReference; lastKnownFileType = folder.assetcatalog; path = Images.xcassets; sourceTree = "<group>"; };
		76BAD15A1900DE0100722F5B /* HomepwnerTests.xctest */ = {isa = PBXFileReference; explicitFileType = wrapper.cfbundle; includeInIndex = 0; path = HomepwnerTests.xctest; sourceTree = BUILT_PRODUCTS_DIR; };
		76BAD15B1900DE0100722F5B /* XCTest.framework */ = {isa = PBXFileReference; lastKnownFileType = wrapper.framework; name = XCTest.framework; path = Library/Frameworks/XCTest.framework; sourceTree = DEVELOPER_DIR; };
		76BAD1631900DE0100722F5B /* HomepwnerTests-Info.plist */ = {isa = PBXFileReference; lastKnownFileType = text.plist.xml; path = "HomepwnerTests-Info.plist"; sourceTree = "<group>"; };
		76BAD1651900DE0100722F5B /* en */ = {isa = PBXFileReference; lastKnownFileType = text.plist.strings; name = en; path = en.lproj/InfoPlist.strings; sourceTree = "<group>"; };
		76BAD1671900DE0100722F5B /* HomepwnerTests.m */ = {isa = PBXFileReference; lastKnownFileType = sourcecode.c.objc; path = HomepwnerTests.m; sourceTree = "<group>"; };
		76BAD17119022D6200722F5B /* BNRItemsViewController.h */ = {isa = PBXFileReference; fileEncoding = 4; lastKnownFileType = sourcecode.c.h; path = BNRItemsViewController.h; sourceTree = "<group>"; };
		76BAD17219022D6200722F5B /* BNRItemsViewController.m */ = {isa = PBXFileReference; fileEncoding = 4; lastKnownFileType = sourcecode.c.objc; path = BNRItemsViewController.m; sourceTree = "<group>"; };
		76BAD17419022FDA00722F5B /* BNRItem.h */ = {isa = PBXFileReference; fileEncoding = 4; lastKnownFileType = sourcecode.c.h; path = BNRItem.h; sourceTree = "<group>"; };
		76BAD17519022FDA00722F5B /* BNRItem.m */ = {isa = PBXFileReference; fileEncoding = 4; lastKnownFileType = sourcecode.c.objc; path = BNRItem.m; sourceTree = "<group>"; };
		76BAD1771902321800722F5B /* BNRItemStore.h */ = {isa = PBXFileReference; fileEncoding = 4; lastKnownFileType = sourcecode.c.h; path = BNRItemStore.h; sourceTree = "<group>"; };
		76BAD1781902321800722F5B /* BNRItemStore.m */ = {isa = PBXFileReference; fileEncoding = 4; lastKnownFileType = sourcecode.c.objc; path = BNRItemStore.m; sourceTree = "<group>"; };
		76BAD17E1903A43100722F5B /* BNRDetailViewController.h */ = {isa = PBXFileReference; fileEncoding = 4; lastKnownFileType = sourcecode.c.h; path = BNRDetailViewController.h; sourceTree = "<group>"; };
		76BAD17F1903A43100722F5B /* BNRDetailViewController.m */ = {isa = PBXFileReference; fileEncoding = 4; lastKnownFileType = sourcecode.c.objc; path = BNRDetailViewController.m; sourceTree = "<group>"; };
		76BAD1801903A43100722F5B /* BNRDetailViewController.xib */ = {isa = PBXFileReference; fileEncoding = 4; lastKnownFileType = file.xib; path = BNRDetailViewController.xib; sourceTree = "<group>"; };
		76CB660819061E6500224D1F /* BNRDateViewController.h */ = {isa = PBXFileReference; fileEncoding = 4; lastKnownFileType = sourcecode.c.h; path = BNRDateViewController.h; sourceTree = "<group>"; };
		76CB660919061E6500224D1F /* BNRDateViewController.m */ = {isa = PBXFileReference; fileEncoding = 4; lastKnownFileType = sourcecode.c.objc; path = BNRDateViewController.m; sourceTree = "<group>"; };
		76CB660A19061E6500224D1F /* BNRDateViewController.xib */ = {isa = PBXFileReference; fileEncoding = 4; lastKnownFileType = file.xib; path = BNRDateViewController.xib; sourceTree = "<group>"; };
/* End PBXFileReference section */

/* Begin PBXFrameworksBuildPhase section */
		76BAD13C1900DE0100722F5B /* Frameworks */ = {
			isa = PBXFrameworksBuildPhase;
			buildActionMask = 2147483647;
			files = (
				76BAD1451900DE0100722F5B /* CoreGraphics.framework in Frameworks */,
				76BAD1471900DE0100722F5B /* UIKit.framework in Frameworks */,
				76BAD1431900DE0100722F5B /* Foundation.framework in Frameworks */,
			);
			runOnlyForDeploymentPostprocessing = 0;
		};
		76BAD1571900DE0100722F5B /* Frameworks */ = {
			isa = PBXFrameworksBuildPhase;
			buildActionMask = 2147483647;
			files = (
				76BAD15C1900DE0100722F5B /* XCTest.framework in Frameworks */,
				76BAD15E1900DE0100722F5B /* UIKit.framework in Frameworks */,
				76BAD15D1900DE0100722F5B /* Foundation.framework in Frameworks */,
			);
			runOnlyForDeploymentPostprocessing = 0;
		};
/* End PBXFrameworksBuildPhase section */

/* Begin PBXGroup section */
		76BAD1361900DE0100722F5B = {
			isa = PBXGroup;
			children = (
				76BAD1481900DE0100722F5B /* Homepwner */,
				76BAD1611900DE0100722F5B /* HomepwnerTests */,
				76BAD1411900DE0100722F5B /* Frameworks */,
				76BAD1401900DE0100722F5B /* Products */,
			);
			sourceTree = "<group>";
		};
		76BAD1401900DE0100722F5B /* Products */ = {
			isa = PBXGroup;
			children = (
				76BAD13F1900DE0100722F5B /* Homepwner.app */,
				76BAD15A1900DE0100722F5B /* HomepwnerTests.xctest */,
			);
			name = Products;
			sourceTree = "<group>";
		};
		76BAD1411900DE0100722F5B /* Frameworks */ = {
			isa = PBXGroup;
			children = (
				76BAD1421900DE0100722F5B /* Foundation.framework */,
				76BAD1441900DE0100722F5B /* CoreGraphics.framework */,
				76BAD1461900DE0100722F5B /* UIKit.framework */,
				76BAD15B1900DE0100722F5B /* XCTest.framework */,
			);
			name = Frameworks;
			sourceTree = "<group>";
		};
		76BAD1481900DE0100722F5B /* Homepwner */ = {
			isa = PBXGroup;
			children = (
				76BAD17419022FDA00722F5B /* BNRItem.h */,
				76BAD17519022FDA00722F5B /* BNRItem.m */,
				76BAD1771902321800722F5B /* BNRItemStore.h */,
				76BAD1781902321800722F5B /* BNRItemStore.m */,
				76BAD1511900DE0100722F5B /* BNRAppDelegate.h */,
				76BAD1521900DE0100722F5B /* BNRAppDelegate.m */,
				76BAD17119022D6200722F5B /* BNRItemsViewController.h */,
				76BAD17219022D6200722F5B /* BNRItemsViewController.m */,
				76BAD17E1903A43100722F5B /* BNRDetailViewController.h */,
				76BAD17F1903A43100722F5B /* BNRDetailViewController.m */,
				76BAD1801903A43100722F5B /* BNRDetailViewController.xib */,
				76CB660819061E6500224D1F /* BNRDateViewController.h */,
				76CB660919061E6500224D1F /* BNRDateViewController.m */,
				76CB660A19061E6500224D1F /* BNRDateViewController.xib */,
				76BAD1541900DE0100722F5B /* Images.xcassets */,
				76BAD1491900DE0100722F5B /* Supporting Files */,
			);
			path = Homepwner;
			sourceTree = "<group>";
		};
		76BAD1491900DE0100722F5B /* Supporting Files */ = {
			isa = PBXGroup;
			children = (
				76BAD14A1900DE0100722F5B /* Homepwner-Info.plist */,
				76BAD14B1900DE0100722F5B /* InfoPlist.strings */,
				76BAD14E1900DE0100722F5B /* main.m */,
				76BAD1501900DE0100722F5B /* Homepwner-Prefix.pch */,
			);
			name = "Supporting Files";
			sourceTree = "<group>";
		};
		76BAD1611900DE0100722F5B /* HomepwnerTests */ = {
			isa = PBXGroup;
			children = (
				76BAD1671900DE0100722F5B /* HomepwnerTests.m */,
				76BAD1621900DE0100722F5B /* Supporting Files */,
			);
			path = HomepwnerTests;
			sourceTree = "<group>";
		};
		76BAD1621900DE0100722F5B /* Supporting Files */ = {
			isa = PBXGroup;
			children = (
				76BAD1631900DE0100722F5B /* HomepwnerTests-Info.plist */,
				76BAD1641900DE0100722F5B /* InfoPlist.strings */,
			);
			name = "Supporting Files";
			sourceTree = "<group>";
		};
/* End PBXGroup section */

/* Begin PBXNativeTarget section */
		76BAD13E1900DE0100722F5B /* Homepwner */ = {
			isa = PBXNativeTarget;
			buildConfigurationList = 76BAD16B1900DE0100722F5B /* Build configuration list for PBXNativeTarget "Homepwner" */;
			buildPhases = (
				76BAD13B1900DE0100722F5B /* Sources */,
				76BAD13C1900DE0100722F5B /* Frameworks */,
				76BAD13D1900DE0100722F5B /* Resources */,
			);
			buildRules = (
			);
			dependencies = (
			);
			name = Homepwner;
			productName = Homepwner;
			productReference = 76BAD13F1900DE0100722F5B /* Homepwner.app */;
			productType = "com.apple.product-type.application";
		};
		76BAD1591900DE0100722F5B /* HomepwnerTests */ = {
			isa = PBXNativeTarget;
			buildConfigurationList = 76BAD16E1900DE0100722F5B /* Build configuration list for PBXNativeTarget "HomepwnerTests" */;
			buildPhases = (
				76BAD1561900DE0100722F5B /* Sources */,
				76BAD1571900DE0100722F5B /* Frameworks */,
				76BAD1581900DE0100722F5B /* Resources */,
			);
			buildRules = (
			);
			dependencies = (
				76BAD1601900DE0100722F5B /* PBXTargetDependency */,
			);
			name = HomepwnerTests;
			productName = HomepwnerTests;
			productReference = 76BAD15A1900DE0100722F5B /* HomepwnerTests.xctest */;
			productType = "com.apple.product-type.bundle.unit-test";
		};
/* End PBXNativeTarget section */

/* Begin PBXProject section */
		76BAD1371900DE0100722F5B /* Project object */ = {
			isa = PBXProject;
			attributes = {
				CLASSPREFIX = BNR;
				LastUpgradeCheck = 0510;
				ORGANIZATIONNAME = "Big Nerd Ranch";
				TargetAttributes = {
					76BAD1591900DE0100722F5B = {
						TestTargetID = 76BAD13E1900DE0100722F5B;
					};
				};
			};
			buildConfigurationList = 76BAD13A1900DE0100722F5B /* Build configuration list for PBXProject "Homepwner" */;
			compatibilityVersion = "Xcode 3.2";
			developmentRegion = English;
			hasScannedForEncodings = 0;
			knownRegions = (
				en,
			);
			mainGroup = 76BAD1361900DE0100722F5B;
			productRefGroup = 76BAD1401900DE0100722F5B /* Products */;
			projectDirPath = "";
			projectRoot = "";
			targets = (
				76BAD13E1900DE0100722F5B /* Homepwner */,
				76BAD1591900DE0100722F5B /* HomepwnerTests */,
			);
		};
/* End PBXProject section */

/* Begin PBXResourcesBuildPhase section */
		76BAD13D1900DE0100722F5B /* Resources */ = {
			isa = PBXResourcesBuildPhase;
			buildActionMask = 2147483647;
			files = (
				76BAD1821903A43100722F5B /* BNRDetailViewController.xib in Resources */,
				76CB660C19061E6500224D1F /* BNRDateViewController.xib in Resources */,
				76BAD14D1900DE0100722F5B /* InfoPlist.strings in Resources */,
				76BAD1551900DE0100722F5B /* Images.xcassets in Resources */,
			);
			runOnlyForDeploymentPostprocessing = 0;
		};
		76BAD1581900DE0100722F5B /* Resources */ = {
			isa = PBXResourcesBuildPhase;
			buildActionMask = 2147483647;
			files = (
				76BAD1661900DE0100722F5B /* InfoPlist.strings in Resources */,
			);
			runOnlyForDeploymentPostprocessing = 0;
		};
/* End PBXResourcesBuildPhase section */

/* Begin PBXSourcesBuildPhase section */
		76BAD13B1900DE0100722F5B /* Sources */ = {
			isa = PBXSourcesBuildPhase;
			buildActionMask = 2147483647;
			files = (
				76CB660B19061E6500224D1F /* BNRDateViewController.m in Sources */,
				76BAD1811903A43100722F5B /* BNRDetailViewController.m in Sources */,
				76BAD1791902321800722F5B /* BNRItemStore.m in Sources */,
				76BAD17319022D6200722F5B /* BNRItemsViewController.m in Sources */,
				76BAD17619022FDA00722F5B /* BNRItem.m in Sources */,
				76BAD14F1900DE0100722F5B /* main.m in Sources */,
				76BAD1531900DE0100722F5B /* BNRAppDelegate.m in Sources */,
			);
			runOnlyForDeploymentPostprocessing = 0;
		};
		76BAD1561900DE0100722F5B /* Sources */ = {
			isa = PBXSourcesBuildPhase;
			buildActionMask = 2147483647;
			files = (
				76BAD1681900DE0100722F5B /* HomepwnerTests.m in Sources */,
			);
			runOnlyForDeploymentPostprocessing = 0;
		};
/* End PBXSourcesBuildPhase section */

/* Begin PBXTargetDependency section */
		76BAD1601900DE0100722F5B /* PBXTargetDependency */ = {
			isa = PBXTargetDependency;
			target = 76BAD13E1900DE0100722F5B /* Homepwner */;
			targetProxy = 76BAD15F1900DE0100722F5B /* PBXContainerItemProxy */;
		};
/* End PBXTargetDependency section */

/* Begin PBXVariantGroup section */
		76BAD14B1900DE0100722F5B /* InfoPlist.strings */ = {
			isa = PBXVariantGroup;
			children = (
				76BAD14C1900DE0100722F5B /* en */,
			);
			name = InfoPlist.strings;
			sourceTree = "<group>";
		};
		76BAD1641900DE0100722F5B /* InfoPlist.strings */ = {
			isa = PBXVariantGroup;
			children = (
				76BAD1651900DE0100722F5B /* en */,
			);
			name = InfoPlist.strings;
			sourceTree = "<group>";
		};
/* End PBXVariantGroup section */

/* Begin XCBuildConfiguration section */
		76BAD1691900DE0100722F5B /* Debug */ = {
			isa = XCBuildConfiguration;
			buildSettings = {
				ALWAYS_SEARCH_USER_PATHS = NO;
				CLANG_CXX_LANGUAGE_STANDARD = "gnu++0x";
				CLANG_CXX_LIBRARY = "libc++";
				CLANG_ENABLE_MODULES = YES;
				CLANG_ENABLE_OBJC_ARC = YES;
				CLANG_WARN_BOOL_CONVERSION = YES;
				CLANG_WARN_CONSTANT_CONVERSION = YES;
				CLANG_WARN_DIRECT_OBJC_ISA_USAGE = YES_ERROR;
				CLANG_WARN_EMPTY_BODY = YES;
				CLANG_WARN_ENUM_CONVERSION = YES;
				CLANG_WARN_INT_CONVERSION = YES;
				CLANG_WARN_OBJC_ROOT_CLASS = YES_ERROR;
				CLANG_WARN__DUPLICATE_METHOD_MATCH = YES;
				"CODE_SIGN_IDENTITY[sdk=iphoneos*]" = "iPhone Developer";
				COPY_PHASE_STRIP = NO;
				GCC_C_LANGUAGE_STANDARD = gnu99;
				GCC_DYNAMIC_NO_PIC = NO;
				GCC_OPTIMIZATION_LEVEL = 0;
				GCC_PREPROCESSOR_DEFINITIONS = (
					"DEBUG=1",
					"$(inherited)",
				);
				GCC_SYMBOLS_PRIVATE_EXTERN = NO;
				GCC_WARN_64_TO_32_BIT_CONVERSION = YES;
				GCC_WARN_ABOUT_RETURN_TYPE = YES_ERROR;
				GCC_WARN_UNDECLARED_SELECTOR = YES;
				GCC_WARN_UNINITIALIZED_AUTOS = YES_AGGRESSIVE;
				GCC_WARN_UNUSED_FUNCTION = YES;
				GCC_WARN_UNUSED_VARIABLE = YES;
				IPHONEOS_DEPLOYMENT_TARGET = 7.1;
				ONLY_ACTIVE_ARCH = YES;
				SDKROOT = iphoneos;
			};
			name = Debug;
		};
		76BAD16A1900DE0100722F5B /* Release */ = {
			isa = XCBuildConfiguration;
			buildSettings = {
				ALWAYS_SEARCH_USER_PATHS = NO;
				CLANG_CXX_LANGUAGE_STANDARD = "gnu++0x";
				CLANG_CXX_LIBRARY = "libc++";
				CLANG_ENABLE_MODULES = YES;
				CLANG_ENABLE_OBJC_ARC = YES;
				CLANG_WARN_BOOL_CONVERSION = YES;
				CLANG_WARN_CONSTANT_CONVERSION = YES;
				CLANG_WARN_DIRECT_OBJC_ISA_USAGE = YES_ERROR;
				CLANG_WARN_EMPTY_BODY = YES;
				CLANG_WARN_ENUM_CONVERSION = YES;
				CLANG_WARN_INT_CONVERSION = YES;
				CLANG_WARN_OBJC_ROOT_CLASS = YES_ERROR;
				CLANG_WARN__DUPLICATE_METHOD_MATCH = YES;
				"CODE_SIGN_IDENTITY[sdk=iphoneos*]" = "iPhone Developer";
				COPY_PHASE_STRIP = YES;
				ENABLE_NS_ASSERTIONS = NO;
				GCC_C_LANGUAGE_STANDARD = gnu99;
				GCC_WARN_64_TO_32_BIT_CONVERSION = YES;
				GCC_WARN_ABOUT_RETURN_TYPE = YES_ERROR;
				GCC_WARN_UNDECLARED_SELECTOR = YES;
				GCC_WARN_UNINITIALIZED_AUTOS = YES_AGGRESSIVE;
				GCC_WARN_UNUSED_FUNCTION = YES;
				GCC_WARN_UNUSED_VARIABLE = YES;
				IPHONEOS_DEPLOYMENT_TARGET = 7.1;
				SDKROOT = iphoneos;
				VALIDATE_PRODUCT = YES;
			};
			name = Release;
		};
		76BAD16C1900DE0100722F5B /* Debug */ = {
			isa = XCBuildConfiguration;
			buildSettings = {
				ASSETCATALOG_COMPILER_APPICON_NAME = AppIcon;
				ASSETCATALOG_COMPILER_LAUNCHIMAGE_NAME = LaunchImage;
				GCC_PRECOMPILE_PREFIX_HEADER = YES;
				GCC_PREFIX_HEADER = "Homepwner/Homepwner-Prefix.pch";
				INFOPLIST_FILE = "Homepwner/Homepwner-Info.plist";
				PRODUCT_NAME = "$(TARGET_NAME)";
				WRAPPER_EXTENSION = app;
			};
			name = Debug;
		};
		76BAD16D1900DE0100722F5B /* Release */ = {
			isa = XCBuildConfiguration;
			buildSettings = {
				ASSETCATALOG_COMPILER_APPICON_NAME = AppIcon;
				ASSETCATALOG_COMPILER_LAUNCHIMAGE_NAME = LaunchImage;
				GCC_PRECOMPILE_PREFIX_HEADER = YES;
				GCC_PREFIX_HEADER = "Homepwner/Homepwner-Prefix.pch";
				INFOPLIST_FILE = "Homepwner/Homepwner-Info.plist";
				PRODUCT_NAME = "$(TARGET_NAME)";
				WRAPPER_EXTENSION = app;
			};
			name = Release;
		};
		76BAD16F1900DE0100722F5B /* Debug */ = {
			isa = XCBuildConfiguration;
			buildSettings = {
				BUNDLE_LOADER = "$(BUILT_PRODUCTS_DIR)/Homepwner.app/Homepwner";
				FRAMEWORK_SEARCH_PATHS = (
					"$(SDKROOT)/Developer/Library/Frameworks",
					"$(inherited)",
					"$(DEVELOPER_FRAMEWORKS_DIR)",
				);
				GCC_PRECOMPILE_PREFIX_HEADER = YES;
				GCC_PREFIX_HEADER = "Homepwner/Homepwner-Prefix.pch";
				GCC_PREPROCESSOR_DEFINITIONS = (
					"DEBUG=1",
					"$(inherited)",
				);
				INFOPLIST_FILE = "HomepwnerTests/HomepwnerTests-Info.plist";
				PRODUCT_NAME = "$(TARGET_NAME)";
				TEST_HOST = "$(BUNDLE_LOADER)";
				WRAPPER_EXTENSION = xctest;
			};
			name = Debug;
		};
		76BAD1701900DE0100722F5B /* Release */ = {
			isa = XCBuildConfiguration;
			buildSettings = {
				BUNDLE_LOADER = "$(BUILT_PRODUCTS_DIR)/Homepwner.app/Homepwner";
				FRAMEWORK_SEARCH_PATHS = (
					"$(SDKROOT)/Developer/Library/Frameworks",
					"$(inherited)",
					"$(DEVELOPER_FRAMEWORKS_DIR)",
				);
				GCC_PRECOMPILE_PREFIX_HEADER = YES;
				GCC_PREFIX_HEADER = "Homepwner/Homepwner-Prefix.pch";
				INFOPLIST_FILE = "HomepwnerTests/HomepwnerTests-Info.plist";
				PRODUCT_NAME = "$(TARGET_NAME)";
				TEST_HOST = "$(BUNDLE_LOADER)";
				WRAPPER_EXTENSION = xctest;
			};
			name = Release;
		};
/* End XCBuildConfiguration section */

/* Begin XCConfigurationList section */
		76BAD13A1900DE0100722F5B /* Build configuration list for PBXProject "Homepwner" */ = {
			isa = XCConfigurationList;
			buildConfigurations = (
				76BAD1691900DE0100722F5B /* Debug */,
				76BAD16A1900DE0100722F5B /* Release */,
			);
			defaultConfigurationIsVisible = 0;
			defaultConfigurationName = Release;
		};
		76BAD16B1900DE0100722F5B /* Build configuration list for PBXNativeTarget "Homepwner" */ = {
			isa = XCConfigurationList;
			buildConfigurations = (
				76BAD16C1900DE0100722F5B /* Debug */,
				76BAD16D1900DE0100722F5B /* Release */,
			);
			defaultConfigurationIsVisible = 0;
			defaultConfigurationName = Release;
		};
		76BAD16E1900DE0100722F5B /* Build configuration list for PBXNativeTarget "HomepwnerTests" */ = {
			isa = XCConfigurationList;
			buildConfigurations = (
				76BAD16F1900DE0100722F5B /* Debug */,
				76BAD1701900DE0100722F5B /* Release */,
			);
			defaultConfigurationIsVisible = 0;
			defaultConfigurationName = Release;
		};
/* End XCConfigurationList section */
	};
	rootObject = 76BAD1371900DE0100722F5B /* Project object */;
}
